
Microsoft Visual Studio Solution File, Format Version 12.00
# Visual Studio 15
VisualStudioVersion = 15.0.28307.1267
MinimumVisualStudioVersion = 10.0.40219.1
Project("{FAE04EC0-301F-11D3-BF4B-00C04F79EFBC}") = "TicariOtomasyon.WinformUI", "TicariOtomasyon\TicariOtomasyon.WinformUI.csproj", "{B0BC8303-A6AA-4A9F-BE2F-A3EB5E4609DC}"
EndProject
Project("{FAE04EC0-301F-11D3-BF4B-00C04F79EFBC}") = "TicariOtomasyon.ORM", "Ticari\TicariOtomasyon.ORM.csproj", "{3FADF106-498E-4F5C-B44D-B6398291FE05}"
EndProject
Global
	GlobalSection(SolutionConfigurationPlatforms) = preSolution
		Debug|Any CPU = Debug|Any CPU
		Release|Any CPU = Release|Any CPU
	EndGlobalSection
	GlobalSection(ProjectConfigurationPlatforms) = postSolution
		{B0BC8303-A6AA-4A9F-BE2F-A3EB5E4609DC}.Debug|Any CPU.ActiveCfg = Debug|Any CPU
		{B0BC8303-A6AA-4A9F-BE2F-A3EB5E4609DC}.Debug|Any CPU.Build.0 = Debug|Any CPU
		{B0BC8303-A6AA-4A9F-BE2F-A3EB5E4609DC}.Release|Any CPU.ActiveCfg = Release|Any CPU
		{B0BC8303-A6AA-4A9F-BE2F-A3EB5E4609DC}.Release|Any CPU.Build.0 = Release|Any CPU
		{3FADF106-498E-4F5C-B44D-B6398291FE05}.Debug|Any CPU.ActiveCfg = Debug|Any CPU
		{3FADF106-498E-4F5C-B44D-B6398291FE05}.Debug|Any CPU.Build.0 = Debug|Any CPU
		{3FADF106-498E-4F5C-B44D-B6398291FE05}.Release|Any CPU.ActiveCfg = Release|Any CPU
		{3FADF106-498E-4F5C-B44D-B6398291FE05}.Release|Any CPU.Build.0 = Release|Any CPU
	EndGlobalSection
	GlobalSection(SolutionProperties) = preSolution
		HideSolutionNode = FALSE
	EndGlobalSection
	GlobalSection(ExtensibilityGlobals) = postSolution
		SolutionGuid = {852472CA-0397-409B-B13F-B5B88BA40563}
	EndGlobalSection
EndGlobal
